// !$*UTF8*$!
{
	archiveVersion = 1;
	classes = {
	};
	objectVersion = 55;
	objects = {

/* Begin PBXBuildFile section */
		B5C42F18283512AC00DF263D /* DDCUtil.swift in Sources */ = {isa = PBXBuildFile; fileRef = B5C42F17283512AC00DF263D /* DDCUtil.swift */; };
		B5C42F20283512B900DF263D /* ArgumentParser in Frameworks */ = {isa = PBXBuildFile; productRef = B5C42F1F283512B900DF263D /* ArgumentParser */; };
		B5C42F23283512C100DF263D /* BinaryCodable in Frameworks */ = {isa = PBXBuildFile; productRef = B5C42F22283512C100DF263D /* BinaryCodable */; };
		B5C42F282835137000DF263D /* ExternalDisplayDataService.swift in Sources */ = {isa = PBXBuildFile; fileRef = B5C42F272835137000DF263D /* ExternalDisplayDataService.swift */; };
		B5C42F2A283513A700DF263D /* EDID.swift in Sources */ = {isa = PBXBuildFile; fileRef = B5C42F29283513A700DF263D /* EDID.swift */; };
/* End PBXBuildFile section */

/* Begin PBXCopyFilesBuildPhase section */
		B5C42F12283512AC00DF263D /* CopyFiles */ = {
			isa = PBXCopyFilesBuildPhase;
			buildActionMask = 2147483647;
			dstPath = /usr/share/man/man1/;
			dstSubfolderSpec = 0;
			files = (
			);
			runOnlyForDeploymentPostprocessing = 1;
		};
/* End PBXCopyFilesBuildPhase section */

/* Begin PBXFileReference section */
		B5C42F14283512AC00DF263D /* ddcutil */ = {isa = PBXFileReference; explicitFileType = "compiled.mach-o.executable"; includeInIndex = 0; path = ddcutil; sourceTree = BUILT_PRODUCTS_DIR; };
		B5C42F17283512AC00DF263D /* DDCUtil.swift */ = {isa = PBXFileReference; lastKnownFileType = sourcecode.swift; path = DDCUtil.swift; sourceTree = "<group>"; };
		B5C42F24283512D900DF263D /* ddcutil-Bridging-Header.h */ = {isa = PBXFileReference; lastKnownFileType = sourcecode.c.h; path = "ddcutil-Bridging-Header.h"; sourceTree = "<group>"; };
		B5C42F272835137000DF263D /* ExternalDisplayDataService.swift */ = {isa = PBXFileReference; lastKnownFileType = sourcecode.swift; path = ExternalDisplayDataService.swift; sourceTree = "<group>"; };
		B5C42F29283513A700DF263D /* EDID.swift */ = {isa = PBXFileReference; lastKnownFileType = sourcecode.swift; path = EDID.swift; sourceTree = "<group>"; };
		B5C42F2B2835143F00DF263D /* VESA-EDDC-1.2.pdf */ = {isa = PBXFileReference; lastKnownFileType = image.pdf; path = "VESA-EDDC-1.2.pdf"; sourceTree = "<group>"; };
		B5C42F2C2835143F00DF263D /* VESA-EEDID-A2.pdf */ = {isa = PBXFileReference; lastKnownFileType = image.pdf; path = "VESA-EEDID-A2.pdf"; sourceTree = "<group>"; };
/* End PBXFileReference section */

/* Begin PBXFrameworksBuildPhase section */
		B5C42F11283512AC00DF263D /* Frameworks */ = {
			isa = PBXFrameworksBuildPhase;
			buildActionMask = 2147483647;
			files = (
				B5C42F23283512C100DF263D /* BinaryCodable in Frameworks */,
				B5C42F20283512B900DF263D /* ArgumentParser in Frameworks */,
			);
			runOnlyForDeploymentPostprocessing = 0;
		};
/* End PBXFrameworksBuildPhase section */

/* Begin PBXGroup section */
		B5C42F0B283512AC00DF263D = {
			isa = PBXGroup;
			children = (
				B5C42F2B2835143F00DF263D /* VESA-EDDC-1.2.pdf */,
				B5C42F2C2835143F00DF263D /* VESA-EEDID-A2.pdf */,
				B5C42F16283512AC00DF263D /* ddcutil */,
				B5C42F15283512AC00DF263D /* Products */,
			);
			sourceTree = "<group>";
		};
		B5C42F15283512AC00DF263D /* Products */ = {
			isa = PBXGroup;
			children = (
				B5C42F14283512AC00DF263D /* ddcutil */,
			);
			name = Products;
			sourceTree = "<group>";
		};
		B5C42F16283512AC00DF263D /* ddcutil */ = {
			isa = PBXGroup;
			children = (
				B5C42F17283512AC00DF263D /* DDCUtil.swift */,
				B5C42F24283512D900DF263D /* ddcutil-Bridging-Header.h */,
				B5C42F272835137000DF263D /* ExternalDisplayDataService.swift */,
				B5C42F29283513A700DF263D /* EDID.swift */,
			);
			path = ddcutil;
			sourceTree = "<group>";
		};
/* End PBXGroup section */

/* Begin PBXNativeTarget section */
		B5C42F13283512AC00DF263D /* ddcutil */ = {
			isa = PBXNativeTarget;
			buildConfigurationList = B5C42F1B283512AC00DF263D /* Build configuration list for PBXNativeTarget "ddcutil" */;
			buildPhases = (
				B5C42F10283512AC00DF263D /* Sources */,
				B5C42F11283512AC00DF263D /* Frameworks */,
				B5C42F12283512AC00DF263D /* CopyFiles */,
			);
			buildRules = (
			);
			dependencies = (
			);
			name = ddcutil;
			packageProductDependencies = (
				B5C42F1F283512B900DF263D /* ArgumentParser */,
				B5C42F22283512C100DF263D /* BinaryCodable */,
			);
			productName = ddcutil;
			productReference = B5C42F14283512AC00DF263D /* ddcutil */;
			productType = "com.apple.product-type.tool";
		};
/* End PBXNativeTarget section */

/* Begin PBXProject section */
		B5C42F0C283512AC00DF263D /* Project object */ = {
			isa = PBXProject;
			attributes = {
				BuildIndependentTargetsInParallel = 1;
				LastSwiftUpdateCheck = 1330;
				LastUpgradeCheck = 1330;
				TargetAttributes = {
					B5C42F13283512AC00DF263D = {
						CreatedOnToolsVersion = 13.3.1;
						LastSwiftMigration = 1330;
					};
				};
			};
			buildConfigurationList = B5C42F0F283512AC00DF263D /* Build configuration list for PBXProject "ddcutil" */;
			compatibilityVersion = "Xcode 13.0";
			developmentRegion = en;
			hasScannedForEncodings = 0;
			knownRegions = (
				en,
				Base,
			);
			mainGroup = B5C42F0B283512AC00DF263D;
			packageReferences = (
				B5C42F1E283512B900DF263D /* XCRemoteSwiftPackageReference "swift-argument-parser" */,
				B5C42F21283512C100DF263D /* XCRemoteSwiftPackageReference "BinaryCodable" */,
			);
			productRefGroup = B5C42F15283512AC00DF263D /* Products */;
			projectDirPath = "";
			projectRoot = "";
			targets = (
				B5C42F13283512AC00DF263D /* ddcutil */,
			);
		};
/* End PBXProject section */

/* Begin PBXSourcesBuildPhase section */
		B5C42F10283512AC00DF263D /* Sources */ = {
			isa = PBXSourcesBuildPhase;
			buildActionMask = 2147483647;
			files = (
				B5C42F282835137000DF263D /* ExternalDisplayDataService.swift in Sources */,
				B5C42F18283512AC00DF263D /* DDCUtil.swift in Sources */,
				B5C42F2A283513A700DF263D /* EDID.swift in Sources */,
			);
			runOnlyForDeploymentPostprocessing = 0;
		};
/* End PBXSourcesBuildPhase section */

/* Begin XCBuildConfiguration section */
		B5C42F19283512AC00DF263D /* Debug */ = {
			isa = XCBuildConfiguration;
			buildSettings = {
				ALWAYS_SEARCH_USER_PATHS = NO;
				CLANG_ANALYZER_NONNULL = YES;
				CLANG_ANALYZER_NUMBER_OBJECT_CONVERSION = YES_AGGRESSIVE;
				CLANG_CXX_LANGUAGE_STANDARD = "gnu++17";
				CLANG_ENABLE_MODULES = YES;
				CLANG_ENABLE_OBJC_ARC = YES;
				CLANG_ENABLE_OBJC_WEAK = YES;
				CLANG_WARN_BLOCK_CAPTURE_AUTORELEASING = YES;
				CLANG_WARN_BOOL_CONVERSION = YES;
				CLANG_WARN_COMMA = YES;
				CLANG_WARN_CONSTANT_CONVERSION = YES;
				CLANG_WARN_DEPRECATED_OBJC_IMPLEMENTATIONS = YES;
				CLANG_WARN_DIRECT_OBJC_ISA_USAGE = YES_ERROR;
				CLANG_WARN_DOCUMENTATION_COMMENTS = YES;
				CLANG_WARN_EMPTY_BODY = YES;
				CLANG_WARN_ENUM_CONVERSION = YES;
				CLANG_WARN_INFINITE_RECURSION = YES;
				CLANG_WARN_INT_CONVERSION = YES;
				CLANG_WARN_NON_LITERAL_NULL_CONVERSION = YES;
				CLANG_WARN_OBJC_IMPLICIT_RETAIN_SELF = YES;
				CLANG_WARN_OBJC_LITERAL_CONVERSION = YES;
				CLANG_WARN_OBJC_ROOT_CLASS = YES_ERROR;
				CLANG_WARN_QUOTED_INCLUDE_IN_FRAMEWORK_HEADER = YES;
				CLANG_WARN_RANGE_LOOP_ANALYSIS = YES;
				CLANG_WARN_STRICT_PROTOTYPES = YES;
				CLANG_WARN_SUSPICIOUS_MOVE = YES;
				CLANG_WARN_UNGUARDED_AVAILABILITY = YES_AGGRESSIVE;
				CLANG_WARN_UNREACHABLE_CODE = YES;
				CLANG_WARN__DUPLICATE_METHOD_MATCH = YES;
				COPY_PHASE_STRIP = NO;
				DEBUG_INFORMATION_FORMAT = dwarf;
				ENABLE_STRICT_OBJC_MSGSEND = YES;
				ENABLE_TESTABILITY = YES;
				GCC_C_LANGUAGE_STANDARD = gnu11;
				GCC_DYNAMIC_NO_PIC = NO;
				GCC_NO_COMMON_BLOCKS = YES;
				GCC_OPTIMIZATION_LEVEL = 0;
				GCC_PREPROCESSOR_DEFINITIONS = (
					"DEBUG=1",
					"$(inherited)",
				);
				GCC_WARN_64_TO_32_BIT_CONVERSION = YES;
				GCC_WARN_ABOUT_RETURN_TYPE = YES_ERROR;
				GCC_WARN_UNDECLARED_SELECTOR = YES;
				GCC_WARN_UNINITIALIZED_AUTOS = YES_AGGRESSIVE;
				GCC_WARN_UNUSED_FUNCTION = YES;
				GCC_WARN_UNUSED_VARIABLE = YES;
				MACOSX_DEPLOYMENT_TARGET = 12.3;
				MTL_ENABLE_DEBUG_INFO = INCLUDE_SOURCE;
				MTL_FAST_MATH = YES;
				ONLY_ACTIVE_ARCH = YES;
				SDKROOT = macosx;
				SWIFT_ACTIVE_COMPILATION_CONDITIONS = DEBUG;
				SWIFT_OPTIMIZATION_LEVEL = "-Onone";
			};
			name = Debug;
		};
		B5C42F1A283512AC00DF263D /* Release */ = {
			isa = XCBuildConfiguration;
			buildSettings = {
				ALWAYS_SEARCH_USER_PATHS = NO;
				CLANG_ANALYZER_NONNULL = YES;
				CLANG_ANALYZER_NUMBER_OBJECT_CONVERSION = YES_AGGRESSIVE;
				CLANG_CXX_LANGUAGE_STANDARD = "gnu++17";
				CLANG_ENABLE_MODULES = YES;
				CLANG_ENABLE_OBJC_ARC = YES;
				CLANG_ENABLE_OBJC_WEAK = YES;
				CLANG_WARN_BLOCK_CAPTURE_AUTORELEASING = YES;
				CLANG_WARN_BOOL_CONVERSION = YES;
				CLANG_WARN_COMMA = YES;
				CLANG_WARN_CONSTANT_CONVERSION = YES;
				CLANG_WARN_DEPRECATED_OBJC_IMPLEMENTATIONS = YES;
				CLANG_WARN_DIRECT_OBJC_ISA_USAGE = YES_ERROR;
				CLANG_WARN_DOCUMENTATION_COMMENTS = YES;
				CLANG_WARN_EMPTY_BODY = YES;
				CLANG_WARN_ENUM_CONVERSION = YES;
				CLANG_WARN_INFINITE_RECURSION = YES;
				CLANG_WARN_INT_CONVERSION = YES;
				CLANG_WARN_NON_LITERAL_NULL_CONVERSION = YES;
				CLANG_WARN_OBJC_IMPLICIT_RETAIN_SELF = YES;
				CLANG_WARN_OBJC_LITERAL_CONVERSION = YES;
				CLANG_WARN_OBJC_ROOT_CLASS = YES_ERROR;
				CLANG_WARN_QUOTED_INCLUDE_IN_FRAMEWORK_HEADER = YES;
				CLANG_WARN_RANGE_LOOP_ANALYSIS = YES;
				CLANG_WARN_STRICT_PROTOTYPES = YES;
				CLANG_WARN_SUSPICIOUS_MOVE = YES;
				CLANG_WARN_UNGUARDED_AVAILABILITY = YES_AGGRESSIVE;
				CLANG_WARN_UNREACHABLE_CODE = YES;
				CLANG_WARN__DUPLICATE_METHOD_MATCH = YES;
				COPY_PHASE_STRIP = NO;
				DEBUG_INFORMATION_FORMAT = "dwarf-with-dsym";
				ENABLE_NS_ASSERTIONS = NO;
				ENABLE_STRICT_OBJC_MSGSEND = YES;
				GCC_C_LANGUAGE_STANDARD = gnu11;
				GCC_NO_COMMON_BLOCKS = YES;
				GCC_WARN_64_TO_32_BIT_CONVERSION = YES;
				GCC_WARN_ABOUT_RETURN_TYPE = YES_ERROR;
				GCC_WARN_UNDECLARED_SELECTOR = YES;
				GCC_WARN_UNINITIALIZED_AUTOS = YES_AGGRESSIVE;
				GCC_WARN_UNUSED_FUNCTION = YES;
				GCC_WARN_UNUSED_VARIABLE = YES;
				MACOSX_DEPLOYMENT_TARGET = 12.3;
				MTL_ENABLE_DEBUG_INFO = NO;
				MTL_FAST_MATH = YES;
				SDKROOT = macosx;
				SWIFT_COMPILATION_MODE = wholemodule;
				SWIFT_OPTIMIZATION_LEVEL = "-O";
			};
			name = Release;
		};
		B5C42F1C283512AC00DF263D /* Debug */ = {
			isa = XCBuildConfiguration;
			buildSettings = {
				CLANG_ENABLE_MODULES = YES;
				CODE_SIGN_STYLE = Automatic;
				DEVELOPMENT_TEAM = ZATL9Q6NDL;
				ENABLE_HARDENED_RUNTIME = YES;
				LD_RUNPATH_SEARCH_PATHS = (
					"$(inherited)",
					"@executable_path/../Frameworks",
					"@loader_path/../Frameworks",
				);
				PRODUCT_NAME = "$(TARGET_NAME)";
				SWIFT_OBJC_BRIDGING_HEADER = "ddcutil/ddcutil-Bridging-Header.h";
				SWIFT_OPTIMIZATION_LEVEL = "-Onone";
				SWIFT_VERSION = 5.0;
			};
			name = Debug;
		};
		B5C42F1D283512AC00DF263D /* Release */ = {
			isa = XCBuildConfiguration;
			buildSettings = {
				CLANG_ENABLE_MODULES = YES;
				CODE_SIGN_STYLE = Automatic;
				DEVELOPMENT_TEAM = ZATL9Q6NDL;
				ENABLE_HARDENED_RUNTIME = YES;
				LD_RUNPATH_SEARCH_PATHS = (
					"$(inherited)",
					"@executable_path/../Frameworks",
					"@loader_path/../Frameworks",
				);
				PRODUCT_NAME = "$(TARGET_NAME)";
				SWIFT_OBJC_BRIDGING_HEADER = "ddcutil/ddcutil-Bridging-Header.h";
				SWIFT_VERSION = 5.0;
			};
			name = Release;
		};
/* End XCBuildConfiguration section */

/* Begin XCConfigurationList section */
		B5C42F0F283512AC00DF263D /* Build configuration list for PBXProject "ddcutil" */ = {
			isa = XCConfigurationList;
			buildConfigurations = (
				B5C42F19283512AC00DF263D /* Debug */,
				B5C42F1A283512AC00DF263D /* Release */,
			);
			defaultConfigurationIsVisible = 0;
			defaultConfigurationName = Release;
		};
		B5C42F1B283512AC00DF263D /* Build configuration list for PBXNativeTarget "ddcutil" */ = {
			isa = XCConfigurationList;
			buildConfigurations = (
				B5C42F1C283512AC00DF263D /* Debug */,
				B5C42F1D283512AC00DF263D /* Release */,
			);
			defaultConfigurationIsVisible = 0;
			defaultConfigurationName = Release;
		};
/* End XCConfigurationList section */

/* Begin XCRemoteSwiftPackageReference section */
		B5C42F1E283512B900DF263D /* XCRemoteSwiftPackageReference "swift-argument-parser" */ = {
			isa = XCRemoteSwiftPackageReference;
			repositoryURL = "https://github.com/apple/swift-argument-parser.git";
			requirement = {
				kind = upToNextMajorVersion;
				minimumVersion = 1.0.0;
			};
		};
		B5C42F21283512C100DF263D /* XCRemoteSwiftPackageReference "BinaryCodable" */ = {
			isa = XCRemoteSwiftPackageReference;
			repositoryURL = "https://github.com/jverkoey/BinaryCodable";
			requirement = {
				kind = upToNextMajorVersion;
				minimumVersion = 0.3.1;
			};
		};
/* End XCRemoteSwiftPackageReference section */

/* Begin XCSwiftPackageProductDependency section */
		B5C42F1F283512B900DF263D /* ArgumentParser */ = {
			isa = XCSwiftPackageProductDependency;
			package = B5C42F1E283512B900DF263D /* XCRemoteSwiftPackageReference "swift-argument-parser" */;
			productName = ArgumentParser;
		};
		B5C42F22283512C100DF263D /* BinaryCodable */ = {
			isa = XCSwiftPackageProductDependency;
			package = B5C42F21283512C100DF263D /* XCRemoteSwiftPackageReference "BinaryCodable" */;
			productName = BinaryCodable;
		};
/* End XCSwiftPackageProductDependency section */
	};
	rootObject = B5C42F0C283512AC00DF263D /* Project object */;
}
